
Microsoft Visual Studio Solution File, Format Version 12.00
# Visual Studio Version 17
VisualStudioVersion = 17.6.33801.468
MinimumVisualStudioVersion = 10.0.40219.1
Project("{9A19103F-16F7-4668-BE54-9A1E7A4F7556}") = "AngryCatalogEditor", "AngryCatalogEditor\AngryCatalogEditor.csproj", "{ABC542ED-976B-4C80-9281-89CB89FDD295}"
EndProject
Project("{9A19103F-16F7-4668-BE54-9A1E7A4F7556}") = "AngryParter", "AngryParter\AngryParter.csproj", "{13EC9304-ADB9-4AD4-B890-D8EB777274CE}"
EndProject
Project("{9A19103F-16F7-4668-BE54-9A1E7A4F7556}") = "AngryCombiner", "AngryCombiner\AngryCombiner.csproj", "{D226B7AD-0490-439E-AEB4-884C5CFC3D29}"
EndProject
Project("{FAE04EC0-301F-11D3-BF4B-00C04F79EFBC}") = "AngryV1Splitter", "AngryV1Splitter\AngryV1Splitter.csproj", "{62FAC829-199E-49D3-98E2-7C04DDE2D743}"
EndProject
Project("{FAE04EC0-301F-11D3-BF4B-00C04F79EFBC}") = "AngryCatalogEditor.GUI", "AngryCatalogEditor.GUI\AngryCatalogEditor.GUI.csproj", "{9FAB4B79-9D5B-48DC-9F84-C2183191FAE6}"
EndProject
Project("{FAE04EC0-301F-11D3-BF4B-00C04F79EFBC}") = "AssetRipper.Export.UnityProjects", "AssetRipper\Source\AssetRipper.Export.UnityProjects\AssetRipper.Export.UnityProjects.csproj", "{8D03732C-EA79-6F2F-DA56-468EF3ECC50C}"
EndProject
Project("{FAE04EC0-301F-11D3-BF4B-00C04F79EFBC}") = "AssetRipper.Export.Modules.Audio", "AssetRipper\Source\AssetRipper.Export.Modules.Audio\AssetRipper.Export.Modules.Audio.csproj", "{41B921A3-2085-FF5E-6F87-55A01FD46D3B}"
EndProject
Project("{FAE04EC0-301F-11D3-BF4B-00C04F79EFBC}") = "AssetRipper.Export.Modules.Models", "AssetRipper\Source\AssetRipper.Export.Modules.Models\AssetRipper.Export.Modules.Models.csproj", "{2E5E9F63-B159-F8A6-EC3A-5916E05121E0}"
EndProject
Project("{FAE04EC0-301F-11D3-BF4B-00C04F79EFBC}") = "AssetRipper.Export.Modules.Textures", "AssetRipper\Source\AssetRipper.Export.Modules.Textures\AssetRipper.Export.Modules.Textures.csproj", "{FB401BE5-93A0-E007-6DBB-E9E1A212E27B}"
EndProject
Project("{FAE04EC0-301F-11D3-BF4B-00C04F79EFBC}") = "AssetRipper.Export", "AssetRipper\Source\AssetRipper.Export\AssetRipper.Export.csproj", "{42C7575D-24EA-3397-15E3-6E6ADFEBF566}"
EndProject
Project("{FAE04EC0-301F-11D3-BF4B-00C04F79EFBC}") = "AssetRipper.Import", "AssetRipper\Source\AssetRipper.Import\AssetRipper.Import.csproj", "{CD86A854-2222-8AA7-8D18-8828A905DD4F}"
EndProject
Project("{FAE04EC0-301F-11D3-BF4B-00C04F79EFBC}") = "AssetRipper.Processing", "AssetRipper\Source\AssetRipper.Processing\AssetRipper.Processing.csproj", "{3977DD89-EFAE-1322-C283-2D1F7844ACC3}"
EndProject
Project("{FAE04EC0-301F-11D3-BF4B-00C04F79EFBC}") = "AssetRipper.Yaml", "AssetRipper\Source\AssetRipper.Yaml\AssetRipper.Yaml.csproj", "{E8B3C68C-64EB-60A5-FEC7-2A4FE31F458E}"
EndProject
Project("{FAE04EC0-301F-11D3-BF4B-00C04F79EFBC}") = "AssetRipper.SourceGenerated.Extensions", "AssetRipper\Source\AssetRipper.SourceGenerated.Extensions\AssetRipper.SourceGenerated.Extensions.csproj", "{F13954FB-CF57-7CDC-4DBE-A6035408E04B}"
EndProject
Project("{FAE04EC0-301F-11D3-BF4B-00C04F79EFBC}") = "AssetRipper.Numerics", "AssetRipper\Source\AssetRipper.Numerics\AssetRipper.Numerics.csproj", "{D060242E-6AFE-02FF-1887-808E41C8AC43}"
EndProject
Project("{FAE04EC0-301F-11D3-BF4B-00C04F79EFBC}") = "AssetRipper.Assets", "AssetRipper\Source\AssetRipper.Assets\AssetRipper.Assets.csproj", "{D448ADA8-0427-AEC9-4B65-7E11F10C4A0A}"
EndProject
Project("{FAE04EC0-301F-11D3-BF4B-00C04F79EFBC}") = "AssetRipper.IO.Files", "AssetRipper\Source\AssetRipper.IO.Files\AssetRipper.IO.Files.csproj", "{3E6796E9-CFDA-3B4C-F67C-8F50993695CB}"
EndProject
Project("{FAE04EC0-301F-11D3-BF4B-00C04F79EFBC}") = "AssetRipper.SerializationLogic", "AssetRipper\Source\AssetRipper.SerializationLogic\AssetRipper.SerializationLogic.csproj", "{A8B1A3B7-0293-4369-C3BA-354513699742}"
EndProject
Global
	GlobalSection(SolutionConfigurationPlatforms) = preSolution
		Debug|Any CPU = Debug|Any CPU
		Release|Any CPU = Release|Any CPU
	EndGlobalSection
	GlobalSection(ProjectConfigurationPlatforms) = postSolution
		{ABC542ED-976B-4C80-9281-89CB89FDD295}.Debug|Any CPU.ActiveCfg = Debug|Any CPU
		{ABC542ED-976B-4C80-9281-89CB89FDD295}.Debug|Any CPU.Build.0 = Debug|Any CPU
		{ABC542ED-976B-4C80-9281-89CB89FDD295}.Release|Any CPU.ActiveCfg = Release|Any CPU
		{ABC542ED-976B-4C80-9281-89CB89FDD295}.Release|Any CPU.Build.0 = Release|Any CPU
		{13EC9304-ADB9-4AD4-B890-D8EB777274CE}.Debug|Any CPU.ActiveCfg = Debug|Any CPU
		{13EC9304-ADB9-4AD4-B890-D8EB777274CE}.Debug|Any CPU.Build.0 = Debug|Any CPU
		{13EC9304-ADB9-4AD4-B890-D8EB777274CE}.Release|Any CPU.ActiveCfg = Release|Any CPU
		{13EC9304-ADB9-4AD4-B890-D8EB777274CE}.Release|Any CPU.Build.0 = Release|Any CPU
		{D226B7AD-0490-439E-AEB4-884C5CFC3D29}.Debug|Any CPU.ActiveCfg = Debug|Any CPU
		{D226B7AD-0490-439E-AEB4-884C5CFC3D29}.Debug|Any CPU.Build.0 = Debug|Any CPU
		{D226B7AD-0490-439E-AEB4-884C5CFC3D29}.Release|Any CPU.ActiveCfg = Release|Any CPU
		{D226B7AD-0490-439E-AEB4-884C5CFC3D29}.Release|Any CPU.Build.0 = Release|Any CPU
		{62FAC829-199E-49D3-98E2-7C04DDE2D743}.Debug|Any CPU.ActiveCfg = Debug|Any CPU
		{62FAC829-199E-49D3-98E2-7C04DDE2D743}.Debug|Any CPU.Build.0 = Debug|Any CPU
		{62FAC829-199E-49D3-98E2-7C04DDE2D743}.Release|Any CPU.ActiveCfg = Release|Any CPU
		{62FAC829-199E-49D3-98E2-7C04DDE2D743}.Release|Any CPU.Build.0 = Release|Any CPU
		{9FAB4B79-9D5B-48DC-9F84-C2183191FAE6}.Debug|Any CPU.ActiveCfg = Debug|Any CPU
		{9FAB4B79-9D5B-48DC-9F84-C2183191FAE6}.Debug|Any CPU.Build.0 = Debug|Any CPU
		{9FAB4B79-9D5B-48DC-9F84-C2183191FAE6}.Release|Any CPU.ActiveCfg = Release|Any CPU
		{9FAB4B79-9D5B-48DC-9F84-C2183191FAE6}.Release|Any CPU.Build.0 = Release|Any CPU
		{8D03732C-EA79-6F2F-DA56-468EF3ECC50C}.Debug|Any CPU.ActiveCfg = Debug|Any CPU
		{8D03732C-EA79-6F2F-DA56-468EF3ECC50C}.Debug|Any CPU.Build.0 = Debug|Any CPU
		{8D03732C-EA79-6F2F-DA56-468EF3ECC50C}.Release|Any CPU.ActiveCfg = Release|Any CPU
		{8D03732C-EA79-6F2F-DA56-468EF3ECC50C}.Release|Any CPU.Build.0 = Release|Any CPU
		{41B921A3-2085-FF5E-6F87-55A01FD46D3B}.Debug|Any CPU.ActiveCfg = Debug|Any CPU
		{41B921A3-2085-FF5E-6F87-55A01FD46D3B}.Debug|Any CPU.Build.0 = Debug|Any CPU
		{41B921A3-2085-FF5E-6F87-55A01FD46D3B}.Release|Any CPU.ActiveCfg = Release|Any CPU
		{41B921A3-2085-FF5E-6F87-55A01FD46D3B}.Release|Any CPU.Build.0 = Release|Any CPU
		{2E5E9F63-B159-F8A6-EC3A-5916E05121E0}.Debug|Any CPU.ActiveCfg = Debug|Any CPU
		{2E5E9F63-B159-F8A6-EC3A-5916E05121E0}.Debug|Any CPU.Build.0 = Debug|Any CPU
		{2E5E9F63-B159-F8A6-EC3A-5916E05121E0}.Release|Any CPU.ActiveCfg = Release|Any CPU
		{2E5E9F63-B159-F8A6-EC3A-5916E05121E0}.Release|Any CPU.Build.0 = Release|Any CPU
		{FB401BE5-93A0-E007-6DBB-E9E1A212E27B}.Debug|Any CPU.ActiveCfg = Debug|Any CPU
		{FB401BE5-93A0-E007-6DBB-E9E1A212E27B}.Debug|Any CPU.Build.0 = Debug|Any CPU
		{FB401BE5-93A0-E007-6DBB-E9E1A212E27B}.Release|Any CPU.ActiveCfg = Release|Any CPU
		{FB401BE5-93A0-E007-6DBB-E9E1A212E27B}.Release|Any CPU.Build.0 = Release|Any CPU
		{42C7575D-24EA-3397-15E3-6E6ADFEBF566}.Debug|Any CPU.ActiveCfg = Debug|Any CPU
		{42C7575D-24EA-3397-15E3-6E6ADFEBF566}.Debug|Any CPU.Build.0 = Debug|Any CPU
		{42C7575D-24EA-3397-15E3-6E6ADFEBF566}.Release|Any CPU.ActiveCfg = Release|Any CPU
		{42C7575D-24EA-3397-15E3-6E6ADFEBF566}.Release|Any CPU.Build.0 = Release|Any CPU
		{CD86A854-2222-8AA7-8D18-8828A905DD4F}.Debug|Any CPU.ActiveCfg = Debug|Any CPU
		{CD86A854-2222-8AA7-8D18-8828A905DD4F}.Debug|Any CPU.Build.0 = Debug|Any CPU
		{CD86A854-2222-8AA7-8D18-8828A905DD4F}.Release|Any CPU.ActiveCfg = Release|Any CPU
		{CD86A854-2222-8AA7-8D18-8828A905DD4F}.Release|Any CPU.Build.0 = Release|Any CPU
		{3977DD89-EFAE-1322-C283-2D1F7844ACC3}.Debug|Any CPU.ActiveCfg = Debug|Any CPU
		{3977DD89-EFAE-1322-C283-2D1F7844ACC3}.Debug|Any CPU.Build.0 = Debug|Any CPU
		{3977DD89-EFAE-1322-C283-2D1F7844ACC3}.Release|Any CPU.ActiveCfg = Release|Any CPU
		{3977DD89-EFAE-1322-C283-2D1F7844ACC3}.Release|Any CPU.Build.0 = Release|Any CPU
		{E8B3C68C-64EB-60A5-FEC7-2A4FE31F458E}.Debug|Any CPU.ActiveCfg = Debug|Any CPU
		{E8B3C68C-64EB-60A5-FEC7-2A4FE31F458E}.Debug|Any CPU.Build.0 = Debug|Any CPU
		{E8B3C68C-64EB-60A5-FEC7-2A4FE31F458E}.Release|Any CPU.ActiveCfg = Release|Any CPU
		{E8B3C68C-64EB-60A5-FEC7-2A4FE31F458E}.Release|Any CPU.Build.0 = Release|Any CPU
		{F13954FB-CF57-7CDC-4DBE-A6035408E04B}.Debug|Any CPU.ActiveCfg = Debug|Any CPU
		{F13954FB-CF57-7CDC-4DBE-A6035408E04B}.Debug|Any CPU.Build.0 = Debug|Any CPU
		{F13954FB-CF57-7CDC-4DBE-A6035408E04B}.Release|Any CPU.ActiveCfg = Release|Any CPU
		{F13954FB-CF57-7CDC-4DBE-A6035408E04B}.Release|Any CPU.Build.0 = Release|Any CPU
		{D060242E-6AFE-02FF-1887-808E41C8AC43}.Debug|Any CPU.ActiveCfg = Debug|Any CPU
		{D060242E-6AFE-02FF-1887-808E41C8AC43}.Debug|Any CPU.Build.0 = Debug|Any CPU
		{D060242E-6AFE-02FF-1887-808E41C8AC43}.Release|Any CPU.ActiveCfg = Release|Any CPU
		{D060242E-6AFE-02FF-1887-808E41C8AC43}.Release|Any CPU.Build.0 = Release|Any CPU
		{D448ADA8-0427-AEC9-4B65-7E11F10C4A0A}.Debug|Any CPU.ActiveCfg = Debug|Any CPU
		{D448ADA8-0427-AEC9-4B65-7E11F10C4A0A}.Debug|Any CPU.Build.0 = Debug|Any CPU
		{D448ADA8-0427-AEC9-4B65-7E11F10C4A0A}.Release|Any CPU.ActiveCfg = Release|Any CPU
		{D448ADA8-0427-AEC9-4B65-7E11F10C4A0A}.Release|Any CPU.Build.0 = Release|Any CPU
		{3E6796E9-CFDA-3B4C-F67C-8F50993695CB}.Debug|Any CPU.ActiveCfg = Debug|Any CPU
		{3E6796E9-CFDA-3B4C-F67C-8F50993695CB}.Debug|Any CPU.Build.0 = Debug|Any CPU
		{3E6796E9-CFDA-3B4C-F67C-8F50993695CB}.Release|Any CPU.ActiveCfg = Release|Any CPU
		{3E6796E9-CFDA-3B4C-F67C-8F50993695CB}.Release|Any CPU.Build.0 = Release|Any CPU
		{A8B1A3B7-0293-4369-C3BA-354513699742}.Debug|Any CPU.ActiveCfg = Debug|Any CPU
		{A8B1A3B7-0293-4369-C3BA-354513699742}.Debug|Any CPU.Build.0 = Debug|Any CPU
		{A8B1A3B7-0293-4369-C3BA-354513699742}.Release|Any CPU.ActiveCfg = Release|Any CPU
		{A8B1A3B7-0293-4369-C3BA-354513699742}.Release|Any CPU.Build.0 = Release|Any CPU
	EndGlobalSection
	GlobalSection(SolutionProperties) = preSolution
		HideSolutionNode = FALSE
	EndGlobalSection
	GlobalSection(ExtensibilityGlobals) = postSolution
		SolutionGuid = {AA6F783F-A4EA-4235-86A0-9A42F8B75DDF}
	EndGlobalSection
EndGlobal
